
Microsoft Visual Studio Solution File, Format Version 12.00
# Visual Studio Version 17
VisualStudioVersion = 17.11.35222.181
MinimumVisualStudioVersion = 10.0.40219.1
Project("{8BC9CEB8-8B4A-11D0-8D11-00A0C91BC942}") = "Pr8.2", "Pr8.2\Pr8.2.vcxproj", "{38356261-E1F4-4D4E-B4A2-062F38A4727B}"
EndProject
Project("{8BC9CEB8-8B4A-11D0-8D11-00A0C91BC942}") = "UnitTest8.2", "UnitTest8.2\UnitTest8.2.vcxproj", "{2F3E6420-CCB1-4627-853B-C922BAA3C65B}"
EndProject
Global
	GlobalSection(SolutionConfigurationPlatforms) = preSolution
		Debug|x64 = Debug|x64
		Debug|x86 = Debug|x86
		Release|x64 = Release|x64
		Release|x86 = Release|x86
	EndGlobalSection
	GlobalSection(ProjectConfigurationPlatforms) = postSolution
		{38356261-E1F4-4D4E-B4A2-062F38A4727B}.Debug|x64.ActiveCfg = Debug|x64
		{38356261-E1F4-4D4E-B4A2-062F38A4727B}.Debug|x64.Build.0 = Debug|x64
		{38356261-E1F4-4D4E-B4A2-062F38A4727B}.Debug|x86.ActiveCfg = Debug|Win32
		{38356261-E1F4-4D4E-B4A2-062F38A4727B}.Debug|x86.Build.0 = Debug|Win32
		{38356261-E1F4-4D4E-B4A2-062F38A4727B}.Release|x64.ActiveCfg = Release|x64
		{38356261-E1F4-4D4E-B4A2-062F38A4727B}.Release|x64.Build.0 = Release|x64
		{38356261-E1F4-4D4E-B4A2-062F38A4727B}.Release|x86.ActiveCfg = Release|Win32
		{38356261-E1F4-4D4E-B4A2-062F38A4727B}.Release|x86.Build.0 = Release|Win32
		{2F3E6420-CCB1-4627-853B-C922BAA3C65B}.Debug|x64.ActiveCfg = Debug|x64
		{2F3E6420-CCB1-4627-853B-C922BAA3C65B}.Debug|x64.Build.0 = Debug|x64
		{2F3E6420-CCB1-4627-853B-C922BAA3C65B}.Debug|x86.ActiveCfg = Debug|Win32
		{2F3E6420-CCB1-4627-853B-C922BAA3C65B}.Debug|x86.Build.0 = Debug|Win32
		{2F3E6420-CCB1-4627-853B-C922BAA3C65B}.Release|x64.ActiveCfg = Release|x64
		{2F3E6420-CCB1-4627-853B-C922BAA3C65B}.Release|x64.Build.0 = Release|x64
		{2F3E6420-CCB1-4627-853B-C922BAA3C65B}.Release|x86.ActiveCfg = Release|Win32
		{2F3E6420-CCB1-4627-853B-C922BAA3C65B}.Release|x86.Build.0 = Release|Win32
	EndGlobalSection
	GlobalSection(SolutionProperties) = preSolution
		HideSolutionNode = FALSE
	EndGlobalSection
	GlobalSection(ExtensibilityGlobals) = postSolution
		SolutionGuid = {BDACE0C3-E518-4459-A550-942D3926C30C}
	EndGlobalSection
EndGlobal
